// !$*UTF8*$!
{
	archiveVersion = 1;
	classes = {
	};
	objectVersion = 50;
	objects = {

/* Begin PBXBuildFile section */
		D6255374244A382A00849C71 /* EditAddFlagTableViewController.swift in Sources */ = {isa = PBXBuildFile; fileRef = D6255373244A382A00849C71 /* EditAddFlagTableViewController.swift */; };
		D695278F2449EA4A00EFE9FF /* AppDelegate.swift in Sources */ = {isa = PBXBuildFile; fileRef = D695278E2449EA4A00EFE9FF /* AppDelegate.swift */; };
		D69527942449EA4A00EFE9FF /* Main.storyboard in Resources */ = {isa = PBXBuildFile; fileRef = D69527922449EA4A00EFE9FF /* Main.storyboard */; };
		D69527962449EA4E00EFE9FF /* Assets.xcassets in Resources */ = {isa = PBXBuildFile; fileRef = D69527952449EA4E00EFE9FF /* Assets.xcassets */; };
		D69527992449EA4E00EFE9FF /* LaunchScreen.storyboard in Resources */ = {isa = PBXBuildFile; fileRef = D69527972449EA4E00EFE9FF /* LaunchScreen.storyboard */; };
		D69527A12449F49400EFE9FF /* Flag.swift in Sources */ = {isa = PBXBuildFile; fileRef = D69527A02449F49400EFE9FF /* Flag.swift */; };
		D69527A32449F5CB00EFE9FF /* FlagTableViewController.swift in Sources */ = {isa = PBXBuildFile; fileRef = D69527A22449F5CB00EFE9FF /* FlagTableViewController.swift */; };
		D69527A5244A138300EFE9FF /* FlagTableViewCell.swift in Sources */ = {isa = PBXBuildFile; fileRef = D69527A4244A138300EFE9FF /* FlagTableViewCell.swift */; };
/* End PBXBuildFile section */

/* Begin PBXFileReference section */
		D6255373244A382A00849C71 /* EditAddFlagTableViewController.swift */ = {isa = PBXFileReference; lastKnownFileType = sourcecode.swift; path = EditAddFlagTableViewController.swift; sourceTree = "<group>"; };
		D695278B2449EA4A00EFE9FF /* FlagsOfTheWorldRevisedApp.app */ = {isa = PBXFileReference; explicitFileType = wrapper.application; includeInIndex = 0; path = FlagsOfTheWorldRevisedApp.app; sourceTree = BUILT_PRODUCTS_DIR; };
		D695278E2449EA4A00EFE9FF /* AppDelegate.swift */ = {isa = PBXFileReference; lastKnownFileType = sourcecode.swift; path = AppDelegate.swift; sourceTree = "<group>"; };
		D69527932449EA4A00EFE9FF /* Base */ = {isa = PBXFileReference; lastKnownFileType = file.storyboard; name = Base; path = Base.lproj/Main.storyboard; sourceTree = "<group>"; };
		D69527952449EA4E00EFE9FF /* Assets.xcassets */ = {isa = PBXFileReference; lastKnownFileType = folder.assetcatalog; path = Assets.xcassets; sourceTree = "<group>"; };
		D69527982449EA4E00EFE9FF /* Base */ = {isa = PBXFileReference; lastKnownFileType = file.storyboard; name = Base; path = Base.lproj/LaunchScreen.storyboard; sourceTree = "<group>"; };
		D695279A2449EA4E00EFE9FF /* Info.plist */ = {isa = PBXFileReference; lastKnownFileType = text.plist.xml; path = Info.plist; sourceTree = "<group>"; };
		D69527A02449F49400EFE9FF /* Flag.swift */ = {isa = PBXFileReference; lastKnownFileType = sourcecode.swift; path = Flag.swift; sourceTree = "<group>"; };
		D69527A22449F5CB00EFE9FF /* FlagTableViewController.swift */ = {isa = PBXFileReference; lastKnownFileType = sourcecode.swift; path = FlagTableViewController.swift; sourceTree = "<group>"; };
		D69527A4244A138300EFE9FF /* FlagTableViewCell.swift */ = {isa = PBXFileReference; lastKnownFileType = sourcecode.swift; path = FlagTableViewCell.swift; sourceTree = "<group>"; };
/* End PBXFileReference section */

/* Begin PBXFrameworksBuildPhase section */
		D69527882449EA4A00EFE9FF /* Frameworks */ = {
			isa = PBXFrameworksBuildPhase;
			buildActionMask = 2147483647;
			files = (
			);
			runOnlyForDeploymentPostprocessing = 0;
		};
/* End PBXFrameworksBuildPhase section */

/* Begin PBXGroup section */
		D69527822449EA4A00EFE9FF = {
			isa = PBXGroup;
			children = (
				D695278D2449EA4A00EFE9FF /* FlagsOfTheWorldRevisedApp */,
				D695278C2449EA4A00EFE9FF /* Products */,
			);
			sourceTree = "<group>";
		};
		D695278C2449EA4A00EFE9FF /* Products */ = {
			isa = PBXGroup;
			children = (
				D695278B2449EA4A00EFE9FF /* FlagsOfTheWorldRevisedApp.app */,
			);
			name = Products;
			sourceTree = "<group>";
		};
		D695278D2449EA4A00EFE9FF /* FlagsOfTheWorldRevisedApp */ = {
			isa = PBXGroup;
			children = (
				D695278E2449EA4A00EFE9FF /* AppDelegate.swift */,
				D69527922449EA4A00EFE9FF /* Main.storyboard */,
				D6255373244A382A00849C71 /* EditAddFlagTableViewController.swift */,
				D69527A4244A138300EFE9FF /* FlagTableViewCell.swift */,
				D69527A22449F5CB00EFE9FF /* FlagTableViewController.swift */,
				D69527A02449F49400EFE9FF /* Flag.swift */,
				D69527952449EA4E00EFE9FF /* Assets.xcassets */,
				D69527972449EA4E00EFE9FF /* LaunchScreen.storyboard */,
				D695279A2449EA4E00EFE9FF /* Info.plist */,
			);
			path = FlagsOfTheWorldRevisedApp;
			sourceTree = "<group>";
		};
/* End PBXGroup section */

/* Begin PBXNativeTarget section */
		D695278A2449EA4A00EFE9FF /* FlagsOfTheWorldRevisedApp */ = {
			isa = PBXNativeTarget;
			buildConfigurationList = D695279D2449EA4E00EFE9FF /* Build configuration list for PBXNativeTarget "FlagsOfTheWorldRevisedApp" */;
			buildPhases = (
				D69527872449EA4A00EFE9FF /* Sources */,
				D69527882449EA4A00EFE9FF /* Frameworks */,
				D69527892449EA4A00EFE9FF /* Resources */,
			);
			buildRules = (
			);
			dependencies = (
			);
			name = FlagsOfTheWorldRevisedApp;
			productName = FlagsOfTheWorldRevisedApp;
			productReference = D695278B2449EA4A00EFE9FF /* FlagsOfTheWorldRevisedApp.app */;
			productType = "com.apple.product-type.application";
		};
/* End PBXNativeTarget section */

/* Begin PBXProject section */
		D69527832449EA4A00EFE9FF /* Project object */ = {
			isa = PBXProject;
			attributes = {
				LastSwiftUpdateCheck = 1030;
				LastUpgradeCheck = 1030;
				ORGANIZATIONNAME = priyam;
				TargetAttributes = {
					D695278A2449EA4A00EFE9FF = {
						CreatedOnToolsVersion = 10.3;
					};
				};
			};
			buildConfigurationList = D69527862449EA4A00EFE9FF /* Build configuration list for PBXProject "FlagsOfTheWorldRevisedApp" */;
			compatibilityVersion = "Xcode 9.3";
			developmentRegion = en;
			hasScannedForEncodings = 0;
			knownRegions = (
				en,
				Base,
			);
			mainGroup = D69527822449EA4A00EFE9FF;
			productRefGroup = D695278C2449EA4A00EFE9FF /* Products */;
			projectDirPath = "";
			projectRoot = "";
			targets = (
				D695278A2449EA4A00EFE9FF /* FlagsOfTheWorldRevisedApp */,
			);
		};
/* End PBXProject section */

/* Begin PBXResourcesBuildPhase section */
		D69527892449EA4A00EFE9FF /* Resources */ = {
			isa = PBXResourcesBuildPhase;
			buildActionMask = 2147483647;
			files = (
				D69527992449EA4E00EFE9FF /* LaunchScreen.storyboard in Resources */,
				D69527962449EA4E00EFE9FF /* Assets.xcassets in Resources */,
				D69527942449EA4A00EFE9FF /* Main.storyboard in Resources */,
			);
			runOnlyForDeploymentPostprocessing = 0;
		};
/* End PBXResourcesBuildPhase section */

/* Begin PBXSourcesBuildPhase section */
		D69527872449EA4A00EFE9FF /* Sources */ = {
			isa = PBXSourcesBuildPhase;
			buildActionMask = 2147483647;
			files = (
				D6255374244A382A00849C71 /* EditAddFlagTableViewController.swift in Sources */,
				D695278F2449EA4A00EFE9FF /* AppDelegate.swift in Sources */,
				D69527A12449F49400EFE9FF /* Flag.swift in Sources */,
				D69527A32449F5CB00EFE9FF /* FlagTableViewController.swift in Sources */,
				D69527A5244A138300EFE9FF /* FlagTableViewCell.swift in Sources */,
			);
			runOnlyForDeploymentPostprocessing = 0;
		};
/* End PBXSourcesBuildPhase section */

/* Begin PBXVariantGroup section */
		D69527922449EA4A00EFE9FF /* Main.storyboard */ = {
			isa = PBXVariantGroup;
			children = (
				D69527932449EA4A00EFE9FF /* Base */,
			);
			name = Main.storyboard;
			sourceTree = "<group>";
		};
		D69527972449EA4E00EFE9FF /* LaunchScreen.storyboard */ = {
			isa = PBXVariantGroup;
			children = (
				D69527982449EA4E00EFE9FF /* Base */,
			);
			name = LaunchScreen.storyboard;
			sourceTree = "<group>";
		};
/* End PBXVariantGroup section */

/* Begin XCBuildConfiguration section */
		D695279B2449EA4E00EFE9FF /* Debug */ = {
			isa = XCBuildConfiguration;
			buildSettings = {
				ALWAYS_SEARCH_USER_PATHS = NO;
				CLANG_ANALYZER_NONNULL = YES;
				CLANG_ANALYZER_NUMBER_OBJECT_CONVERSION = YES_AGGRESSIVE;
				CLANG_CXX_LANGUAGE_STANDARD = "gnu++14";
				CLANG_CXX_LIBRARY = "libc++";
				CLANG_ENABLE_MODULES = YES;
				CLANG_ENABLE_OBJC_ARC = YES;
				CLANG_ENABLE_OBJC_WEAK = YES;
				CLANG_WARN_BLOCK_CAPTURE_AUTORELEASING = YES;
				CLANG_WARN_BOOL_CONVERSION = YES;
				CLANG_WARN_COMMA = YES;
				CLANG_WARN_CONSTANT_CONVERSION = YES;
				CLANG_WARN_DEPRECATED_OBJC_IMPLEMENTATIONS = YES;
				CLANG_WARN_DIRECT_OBJC_ISA_USAGE = YES_ERROR;
				CLANG_WARN_DOCUMENTATION_COMMENTS = YES;
				CLANG_WARN_EMPTY_BODY = YES;
				CLANG_WARN_ENUM_CONVERSION = YES;
				CLANG_WARN_INFINITE_RECURSION = YES;
				CLANG_WARN_INT_CONVERSION = YES;
				CLANG_WARN_NON_LITERAL_NULL_CONVERSION = YES;
				CLANG_WARN_OBJC_IMPLICIT_RETAIN_SELF = YES;
				CLANG_WARN_OBJC_LITERAL_CONVERSION = YES;
				CLANG_WARN_OBJC_ROOT_CLASS = YES_ERROR;
				CLANG_WARN_RANGE_LOOP_ANALYSIS = YES;
				CLANG_WARN_STRICT_PROTOTYPES = YES;
				CLANG_WARN_SUSPICIOUS_MOVE = YES;
				CLANG_WARN_UNGUARDED_AVAILABILITY = YES_AGGRESSIVE;
				CLANG_WARN_UNREACHABLE_CODE = YES;
				CLANG_WARN__DUPLICATE_METHOD_MATCH = YES;
				CODE_SIGN_IDENTITY = "iPhone Developer";
				COPY_PHASE_STRIP = NO;
				DEBUG_INFORMATION_FORMAT = dwarf;
				ENABLE_STRICT_OBJC_MSGSEND = YES;
				ENABLE_TESTABILITY = YES;
				GCC_C_LANGUAGE_STANDARD = gnu11;
				GCC_DYNAMIC_NO_PIC = NO;
				GCC_NO_COMMON_BLOCKS = YES;
				GCC_OPTIMIZATION_LEVEL = 0;
				GCC_PREPROCESSOR_DEFINITIONS = (
					"DEBUG=1",
					"$(inherited)",
				);
				GCC_WARN_64_TO_32_BIT_CONVERSION = YES;
				GCC_WARN_ABOUT_RETURN_TYPE = YES_ERROR;
				GCC_WARN_UNDECLARED_SELECTOR = YES;
				GCC_WARN_UNINITIALIZED_AUTOS = YES_AGGRESSIVE;
				GCC_WARN_UNUSED_FUNCTION = YES;
				GCC_WARN_UNUSED_VARIABLE = YES;
				IPHONEOS_DEPLOYMENT_TARGET = 12.4;
				MTL_ENABLE_DEBUG_INFO = INCLUDE_SOURCE;
				MTL_FAST_MATH = YES;
				ONLY_ACTIVE_ARCH = YES;
				SDKROOT = iphoneos;
				SWIFT_ACTIVE_COMPILATION_CONDITIONS = DEBUG;
				SWIFT_OPTIMIZATION_LEVEL = "-Onone";
			};
			name = Debug;
		};
		D695279C2449EA4E00EFE9FF /* Release */ = {
			isa = XCBuildConfiguration;
			buildSettings = {
				ALWAYS_SEARCH_USER_PATHS = NO;
				CLANG_ANALYZER_NONNULL = YES;
				CLANG_ANALYZER_NUMBER_OBJECT_CONVERSION = YES_AGGRESSIVE;
				CLANG_CXX_LANGUAGE_STANDARD = "gnu++14";
				CLANG_CXX_LIBRARY = "libc++";
				CLANG_ENABLE_MODULES = YES;
				CLANG_ENABLE_OBJC_ARC = YES;
				CLANG_ENABLE_OBJC_WEAK = YES;
				CLANG_WARN_BLOCK_CAPTURE_AUTORELEASING = YES;
				CLANG_WARN_BOOL_CONVERSION = YES;
				CLANG_WARN_COMMA = YES;
				CLANG_WARN_CONSTANT_CONVERSION = YES;
				CLANG_WARN_DEPRECATED_OBJC_IMPLEMENTATIONS = YES;
				CLANG_WARN_DIRECT_OBJC_ISA_USAGE = YES_ERROR;
				CLANG_WARN_DOCUMENTATION_COMMENTS = YES;
				CLANG_WARN_EMPTY_BODY = YES;
				CLANG_WARN_ENUM_CONVERSION = YES;
				CLANG_WARN_INFINITE_RECURSION = YES;
				CLANG_WARN_INT_CONVERSION = YES;
				CLANG_WARN_NON_LITERAL_NULL_CONVERSION = YES;
				CLANG_WARN_OBJC_IMPLICIT_RETAIN_SELF = YES;
				CLANG_WARN_OBJC_LITERAL_CONVERSION = YES;
				CLANG_WARN_OBJC_ROOT_CLASS = YES_ERROR;
				CLANG_WARN_RANGE_LOOP_ANALYSIS = YES;
				CLANG_WARN_STRICT_PROTOTYPES = YES;
				CLANG_WARN_SUSPICIOUS_MOVE = YES;
				CLANG_WARN_UNGUARDED_AVAILABILITY = YES_AGGRESSIVE;
				CLANG_WARN_UNREACHABLE_CODE = YES;
				CLANG_WARN__DUPLICATE_METHOD_MATCH = YES;
				CODE_SIGN_IDENTITY = "iPhone Developer";
				COPY_PHASE_STRIP = NO;
				DEBUG_INFORMATION_FORMAT = "dwarf-with-dsym";
				ENABLE_NS_ASSERTIONS = NO;
				ENABLE_STRICT_OBJC_MSGSEND = YES;
				GCC_C_LANGUAGE_STANDARD = gnu11;
				GCC_NO_COMMON_BLOCKS = YES;
				GCC_WARN_64_TO_32_BIT_CONVERSION = YES;
				GCC_WARN_ABOUT_RETURN_TYPE = YES_ERROR;
				GCC_WARN_UNDECLARED_SELECTOR = YES;
				GCC_WARN_UNINITIALIZED_AUTOS = YES_AGGRESSIVE;
				GCC_WARN_UNUSED_FUNCTION = YES;
				GCC_WARN_UNUSED_VARIABLE = YES;
				IPHONEOS_DEPLOYMENT_TARGET = 12.4;
				MTL_ENABLE_DEBUG_INFO = NO;
				MTL_FAST_MATH = YES;
				SDKROOT = iphoneos;
				SWIFT_COMPILATION_MODE = wholemodule;
				SWIFT_OPTIMIZATION_LEVEL = "-O";
				VALIDATE_PRODUCT = YES;
			};
			name = Release;
		};
		D695279E2449EA4E00EFE9FF /* Debug */ = {
			isa = XCBuildConfiguration;
			buildSettings = {
				ASSETCATALOG_COMPILER_APPICON_NAME = AppIcon;
				CODE_SIGN_STYLE = Automatic;
				INFOPLIST_FILE = FlagsOfTheWorldRevisedApp/Info.plist;
				LD_RUNPATH_SEARCH_PATHS = (
					"$(inherited)",
					"@executable_path/Frameworks",
				);
				PRODUCT_BUNDLE_IDENTIFIER = priyam.FlagsOfTheWorldRevisedApp;
				PRODUCT_NAME = "$(TARGET_NAME)";
				SWIFT_VERSION = 5.0;
				TARGETED_DEVICE_FAMILY = "1,2";
			};
			name = Debug;
		};
		D695279F2449EA4E00EFE9FF /* Release */ = {
			isa = XCBuildConfiguration;
			buildSettings = {
				ASSETCATALOG_COMPILER_APPICON_NAME = AppIcon;
				CODE_SIGN_STYLE = Automatic;
				INFOPLIST_FILE = FlagsOfTheWorldRevisedApp/Info.plist;
				LD_RUNPATH_SEARCH_PATHS = (
					"$(inherited)",
					"@executable_path/Frameworks",
				);
				PRODUCT_BUNDLE_IDENTIFIER = priyam.FlagsOfTheWorldRevisedApp;
				PRODUCT_NAME = "$(TARGET_NAME)";
				SWIFT_VERSION = 5.0;
				TARGETED_DEVICE_FAMILY = "1,2";
			};
			name = Release;
		};
/* End XCBuildConfiguration section */

/* Begin XCConfigurationList section */
		D69527862449EA4A00EFE9FF /* Build configuration list for PBXProject "FlagsOfTheWorldRevisedApp" */ = {
			isa = XCConfigurationList;
			buildConfigurations = (
				D695279B2449EA4E00EFE9FF /* Debug */,
				D695279C2449EA4E00EFE9FF /* Release */,
			);
			defaultConfigurationIsVisible = 0;
			defaultConfigurationName = Release;
		};
		D695279D2449EA4E00EFE9FF /* Build configuration list for PBXNativeTarget "FlagsOfTheWorldRevisedApp" */ = {
			isa = XCConfigurationList;
			buildConfigurations = (
				D695279E2449EA4E00EFE9FF /* Debug */,
				D695279F2449EA4E00EFE9FF /* Release */,
			);
			defaultConfigurationIsVisible = 0;
			defaultConfigurationName = Release;
		};
/* End XCConfigurationList section */
	};
	rootObject = D69527832449EA4A00EFE9FF /* Project object */;
}
